{
  "lockfile_version": "1",
  "packages": {
    "docker": {
      "resolved": "github:NixOS/nixpkgs/5e11f7acce6c3469bef9df154d78534fa7ae8b6c?narHash=sha256-cGyKiTspHEUx3QwAnV3RfyT%2BVOXhHLs%2BNEr17HU34Wo%3D#docker",
      "source": "nixpkg"
    },
    "gh": {
      "resolved": "github:NixOS/nixpkgs/5e11f7acce6c3469bef9df154d78534fa7ae8b6c?narHash=sha256-cGyKiTspHEUx3QwAnV3RfyT%2BVOXhHLs%2BNEr17HU34Wo%3D#gh",
      "source": "nixpkg"
    },
    "git@latest": {
      "last_modified": "2026-03-21T07:29:51Z",
      "resolved": "github:NixOS/nixpkgs/09061f748ee21f68a089cd5d91ec1859cd93d0be#git",
      "source": "devbox-search",
      "version": "2.53.0",
      "systems": {
        "aarch64-darwin": {
          "outputs": [
            {
              "name": "out",
              "path": "/nix/store/6qbj40r0s289k5slmy8yna5x2hfz01wg-git-2.53.0",
              "default": true
            },
            {
              "name": "doc",
              "path": "/nix/store/xp9w7bcl4c78268kn82qdayqglj0zdxa-git-2.53.0-doc"
            }
          ],
          "store_path": "/nix/store/6qbj40r0s289k5slmy8yna5x2hfz01wg-git-2.53.0"
        },
        "aarch64-linux": {
          "outputs": [
            {
              "name": "out",
              "path": "/nix/store/0vbb6j0ppx1w8cw28h7w8s2dzla9j3m6-git-2.53.0",
              "default": true
            },
            {
              "name": "debug",
              "path": "/nix/store/gaj4q67pid2pcy9nvh2ysv4728wxj5m4-git-2.53.0-debug"
            },
            {
              "name": "doc",
              "path": "/nix/store/9mrg9g0w2b4cfdppq3n4zvhkvyixvqpx-git-2.53.0-doc"
            }
          ],
          "store_path": "/nix/store/0vbb6j0ppx1w8cw28h7w8s2dzla9j3m6-git-2.53.0"
        },
        "x86_64-darwin": {
          "outputs": [
            {
              "name": "out",
              "path": "/nix/store/2q2hzaclp1rsj65h21lng7wa26vawhnq-git-2.53.0",
              "default": true
            },
            {
              "name": "doc",
              "path": "/nix/store/yi2mi426la2x7rggv0a0ah11s2dangz4-git-2.53.0-doc"
            }
          ],
          "store_path": "/nix/store/2q2hzaclp1rsj65h21lng7wa26vawhnq-git-2.53.0"
        },
        "x86_64-linux": {
          "outputs": [
            {
              "name": "out",
              "path": "/nix/store/7yvcckar1lzhqnr0xx2n19nsdjd4qa4d-git-2.53.0",
              "default": true
            },
            {
              "name": "debug",
              "path": "/nix/store/9xs1n97fsdbgnk8cxbdx3hqlz6fdaynb-git-2.53.0-debug"
            },
            {
              "name": "doc",
              "path": "/nix/store/rv7cz5lz1qmbdnh3zrpv0j0wa5ivaacq-git-2.53.0-doc"
            }
          ],
          "store_path": "/nix/store/7yvcckar1lzhqnr0xx2n19nsdjd4qa4d-git-2.53.0"
        }
      }
    },
    "github:NixOS/nixpkgs/nixpkgs-unstable": {
      "last_modified": "2026-04-05T15:42:39Z",
      "resolved": "github:NixOS/nixpkgs/5e11f7acce6c3469bef9df154d78534fa7ae8b6c?lastModified=1775403759&narHash=sha256-cGyKiTspHEUx3QwAnV3RfyT%2BVOXhHLs%2BNEr17HU34Wo%3D"
    },
    "go-task": {
      "resolved": "github:NixOS/nixpkgs/5e11f7acce6c3469bef9df154d78534fa7ae8b6c?narHash=sha256-cGyKiTspHEUx3QwAnV3RfyT%2BVOXhHLs%2BNEr17HU34Wo%3D#go-task",
      "source": "nixpkg"
    },
    "nodejs_20": {
      "plugin_version": "0.0.2",
      "resolved": "github:NixOS/nixpkgs/5e11f7acce6c3469bef9df154d78534fa7ae8b6c?narHash=sha256-cGyKiTspHEUx3QwAnV3RfyT%2BVOXhHLs%2BNEr17HU34Wo%3D#nodejs_20",
      "source": "nixpkg"
    },
    "opentofu": {
      "resolved": "github:NixOS/nixpkgs/5e11f7acce6c3469bef9df154d78534fa7ae8b6c?narHash=sha256-cGyKiTspHEUx3QwAnV3RfyT%2BVOXhHLs%2BNEr17HU34Wo%3D#opentofu",
      "source": "nixpkg"
    },
    "pnpm": {
      "resolved": "github:NixOS/nixpkgs/5e11f7acce6c3469bef9df154d78534fa7ae8b6c?narHash=sha256-cGyKiTspHEUx3QwAnV3RfyT%2BVOXhHLs%2BNEr17HU34Wo%3D#pnpm",
      "source": "nixpkg"
    },
    "railway@latest": {
      "last_modified": "2026-04-07T16:32:49Z",
      "resolved": "github:NixOS/nixpkgs/dfd9566f82a6e1d55c30f861879186440614696e#railway",
      "source": "devbox-search",
      "version": "4.36.1",
      "systems": {
        "aarch64-darwin": {
          "outputs": [
            {
              "name": "out",
              "path": "/nix/store/gpk4m0mny9k8q6525n28yxydji78canh-railway-4.36.1",
              "default": true
            }
          ],
          "store_path": "/nix/store/gpk4m0mny9k8q6525n28yxydji78canh-railway-4.36.1"
        },
        "aarch64-linux": {
          "outputs": [
            {
              "name": "out",
              "path": "/nix/store/lmfl3y5grjiyds0an4kr1z2c4y3al3v1-railway-4.36.1",
              "default": true
            }
          ],
          "store_path": "/nix/store/lmfl3y5grjiyds0an4kr1z2c4y3al3v1-railway-4.36.1"
        },
        "x86_64-darwin": {
          "outputs": [
            {
              "name": "out",
              "path": "/nix/store/gklz4rszrd5nxyknqb00k43h8g0wwjp1-railway-4.36.1",
              "default": true
            }
          ],
          "store_path": "/nix/store/gklz4rszrd5nxyknqb00k43h8g0wwjp1-railway-4.36.1"
        },
        "x86_64-linux": {
          "outputs": [
            {
              "name": "out",
              "path": "/nix/store/ma7xnlfyrqjr87qs653h6q6m8i61lx7i-railway-4.36.1",
              "default": true
            }
          ],
          "store_path": "/nix/store/ma7xnlfyrqjr87qs653h6q6m8i61lx7i-railway-4.36.1"
        }
      }
    }
  }
}
